
Microsoft Visual Studio Solution File, Format Version 12.00
# Visual Studio 15
VisualStudioVersion = 15.0.28307.329
MinimumVisualStudioVersion = 10.0.40219.1
Project("{FAE04EC0-301F-11D3-BF4B-00C04F79EFBC}") = "VDownloader", "VDownloader\VDownloader.csproj", "{C7C594C8-9D1F-44C7-B898-02046EC048FD}"
EndProject
Global
	GlobalSection(SolutionConfigurationPlatforms) = preSolution
		Debug|Any CPU = Debug|Any CPU
		Release|Any CPU = Release|Any CPU
	EndGlobalSection
	GlobalSection(ProjectConfigurationPlatforms) = postSolution
		{C7C594C8-9D1F-44C7-B898-02046EC048FD}.Debug|Any CPU.ActiveCfg = Debug|Any CPU
		{C7C594C8-9D1F-44C7-B898-02046EC048FD}.Debug|Any CPU.Build.0 = Debug|Any CPU
		{C7C594C8-9D1F-44C7-B898-02046EC048FD}.Release|Any CPU.ActiveCfg = Release|Any CPU
		{C7C594C8-9D1F-44C7-B898-02046EC048FD}.Release|Any CPU.Build.0 = Release|Any CPU
	EndGlobalSection
	GlobalSection(SolutionProperties) = preSolution
		HideSolutionNode = FALSE
	EndGlobalSection
	GlobalSection(ExtensibilityGlobals) = postSolution
		SolutionGuid = {1E9FF4A2-567E-4F77-8275-DB35F56E01F6}
	EndGlobalSection
EndGlobal
